
Microsoft Visual Studio Solution File, Format Version 12.00
# Visual Studio Version 16
VisualStudioVersion = 16.6.30114.105
MinimumVisualStudioVersion = 10.0.40219.1
Project("{2150E333-8FDC-42A3-9474-1A3956D46DE8}") = "domain", "domain", "{F0ED359B-40F4-4C84-9AC5-8B9007717946}"
EndProject
Project("{2150E333-8FDC-42A3-9474-1A3956D46DE8}") = "infastructure", "infastructure", "{D16CCFA7-F738-4D7A-B146-A9658B2C1E6C}"
EndProject
Project("{9A19103F-16F7-4668-BE54-9A1E7A4F7556}") = "Store", "domain\Store\Store.csproj", "{9CD21EAE-1792-45FA-A065-E9AC9CD22C3F}"
EndProject
Project("{9A19103F-16F7-4668-BE54-9A1E7A4F7556}") = "Store.Memory", "infastrucrture\Store.Memory\Store.Memory.csproj", "{C56F12B9-E535-4A39-9627-FA4EE01DD1F5}"
EndProject
Project("{9A19103F-16F7-4668-BE54-9A1E7A4F7556}") = "StoreProduct.Web", "Web\StoreProduct.Web\StoreProduct.Web.csproj", "{56299E8D-09F8-4E70-A34D-6E79B5F8CEFF}"
EndProject
Project("{2150E333-8FDC-42A3-9474-1A3956D46DE8}") = "Web", "Web", "{89522C0D-1CFD-4682-ABF2-F3255FA5E190}"
EndProject
Project("{9A19103F-16F7-4668-BE54-9A1E7A4F7556}") = "Store.Manufacture", "domain\Manufacture\Store.Manufacture.csproj", "{CDB97ECE-E3DF-413F-B8D8-BBAFE449CC71}"
EndProject
Project("{2150E333-8FDC-42A3-9474-1A3956D46DE8}") = "testing", "testing", "{708B7011-9E14-4D64-8C79-C1CBCD613B2D}"
EndProject
Project("{FAE04EC0-301F-11D3-BF4B-00C04F79EFBC}") = "StoreTest", "testing\StoreTest\StoreTest.csproj", "{F27A2C04-8CBF-41D7-BEAA-60E565423821}"
EndProject
Global
	GlobalSection(SolutionConfigurationPlatforms) = preSolution
		Debug|Any CPU = Debug|Any CPU
		Debug|x64 = Debug|x64
		Debug|x86 = Debug|x86
		Release|Any CPU = Release|Any CPU
		Release|x64 = Release|x64
		Release|x86 = Release|x86
	EndGlobalSection
	GlobalSection(ProjectConfigurationPlatforms) = postSolution
		{9CD21EAE-1792-45FA-A065-E9AC9CD22C3F}.Debug|Any CPU.ActiveCfg = Debug|Any CPU
		{9CD21EAE-1792-45FA-A065-E9AC9CD22C3F}.Debug|Any CPU.Build.0 = Debug|Any CPU
		{9CD21EAE-1792-45FA-A065-E9AC9CD22C3F}.Debug|x64.ActiveCfg = Debug|Any CPU
		{9CD21EAE-1792-45FA-A065-E9AC9CD22C3F}.Debug|x64.Build.0 = Debug|Any CPU
		{9CD21EAE-1792-45FA-A065-E9AC9CD22C3F}.Debug|x86.ActiveCfg = Debug|Any CPU
		{9CD21EAE-1792-45FA-A065-E9AC9CD22C3F}.Debug|x86.Build.0 = Debug|Any CPU
		{9CD21EAE-1792-45FA-A065-E9AC9CD22C3F}.Release|Any CPU.ActiveCfg = Release|Any CPU
		{9CD21EAE-1792-45FA-A065-E9AC9CD22C3F}.Release|Any CPU.Build.0 = Release|Any CPU
		{9CD21EAE-1792-45FA-A065-E9AC9CD22C3F}.Release|x64.ActiveCfg = Release|Any CPU
		{9CD21EAE-1792-45FA-A065-E9AC9CD22C3F}.Release|x64.Build.0 = Release|Any CPU
		{9CD21EAE-1792-45FA-A065-E9AC9CD22C3F}.Release|x86.ActiveCfg = Release|Any CPU
		{9CD21EAE-1792-45FA-A065-E9AC9CD22C3F}.Release|x86.Build.0 = Release|Any CPU
		{C56F12B9-E535-4A39-9627-FA4EE01DD1F5}.Debug|Any CPU.ActiveCfg = Debug|Any CPU
		{C56F12B9-E535-4A39-9627-FA4EE01DD1F5}.Debug|Any CPU.Build.0 = Debug|Any CPU
		{C56F12B9-E535-4A39-9627-FA4EE01DD1F5}.Debug|x64.ActiveCfg = Debug|Any CPU
		{C56F12B9-E535-4A39-9627-FA4EE01DD1F5}.Debug|x64.Build.0 = Debug|Any CPU
		{C56F12B9-E535-4A39-9627-FA4EE01DD1F5}.Debug|x86.ActiveCfg = Debug|Any CPU
		{C56F12B9-E535-4A39-9627-FA4EE01DD1F5}.Debug|x86.Build.0 = Debug|Any CPU
		{C56F12B9-E535-4A39-9627-FA4EE01DD1F5}.Release|Any CPU.ActiveCfg = Release|Any CPU
		{C56F12B9-E535-4A39-9627-FA4EE01DD1F5}.Release|Any CPU.Build.0 = Release|Any CPU
		{C56F12B9-E535-4A39-9627-FA4EE01DD1F5}.Release|x64.ActiveCfg = Release|Any CPU
		{C56F12B9-E535-4A39-9627-FA4EE01DD1F5}.Release|x64.Build.0 = Release|Any CPU
		{C56F12B9-E535-4A39-9627-FA4EE01DD1F5}.Release|x86.ActiveCfg = Release|Any CPU
		{C56F12B9-E535-4A39-9627-FA4EE01DD1F5}.Release|x86.Build.0 = Release|Any CPU
		{56299E8D-09F8-4E70-A34D-6E79B5F8CEFF}.Debug|Any CPU.ActiveCfg = Debug|Any CPU
		{56299E8D-09F8-4E70-A34D-6E79B5F8CEFF}.Debug|Any CPU.Build.0 = Debug|Any CPU
		{56299E8D-09F8-4E70-A34D-6E79B5F8CEFF}.Debug|x64.ActiveCfg = Debug|Any CPU
		{56299E8D-09F8-4E70-A34D-6E79B5F8CEFF}.Debug|x64.Build.0 = Debug|Any CPU
		{56299E8D-09F8-4E70-A34D-6E79B5F8CEFF}.Debug|x86.ActiveCfg = Debug|Any CPU
		{56299E8D-09F8-4E70-A34D-6E79B5F8CEFF}.Debug|x86.Build.0 = Debug|Any CPU
		{56299E8D-09F8-4E70-A34D-6E79B5F8CEFF}.Release|Any CPU.ActiveCfg = Release|Any CPU
		{56299E8D-09F8-4E70-A34D-6E79B5F8CEFF}.Release|Any CPU.Build.0 = Release|Any CPU
		{56299E8D-09F8-4E70-A34D-6E79B5F8CEFF}.Release|x64.ActiveCfg = Release|Any CPU
		{56299E8D-09F8-4E70-A34D-6E79B5F8CEFF}.Release|x64.Build.0 = Release|Any CPU
		{56299E8D-09F8-4E70-A34D-6E79B5F8CEFF}.Release|x86.ActiveCfg = Release|Any CPU
		{56299E8D-09F8-4E70-A34D-6E79B5F8CEFF}.Release|x86.Build.0 = Release|Any CPU
		{CDB97ECE-E3DF-413F-B8D8-BBAFE449CC71}.Debug|Any CPU.ActiveCfg = Debug|Any CPU
		{CDB97ECE-E3DF-413F-B8D8-BBAFE449CC71}.Debug|Any CPU.Build.0 = Debug|Any CPU
		{CDB97ECE-E3DF-413F-B8D8-BBAFE449CC71}.Debug|x64.ActiveCfg = Debug|Any CPU
		{CDB97ECE-E3DF-413F-B8D8-BBAFE449CC71}.Debug|x64.Build.0 = Debug|Any CPU
		{CDB97ECE-E3DF-413F-B8D8-BBAFE449CC71}.Debug|x86.ActiveCfg = Debug|Any CPU
		{CDB97ECE-E3DF-413F-B8D8-BBAFE449CC71}.Debug|x86.Build.0 = Debug|Any CPU
		{CDB97ECE-E3DF-413F-B8D8-BBAFE449CC71}.Release|Any CPU.ActiveCfg = Release|Any CPU
		{CDB97ECE-E3DF-413F-B8D8-BBAFE449CC71}.Release|Any CPU.Build.0 = Release|Any CPU
		{CDB97ECE-E3DF-413F-B8D8-BBAFE449CC71}.Release|x64.ActiveCfg = Release|Any CPU
		{CDB97ECE-E3DF-413F-B8D8-BBAFE449CC71}.Release|x64.Build.0 = Release|Any CPU
		{CDB97ECE-E3DF-413F-B8D8-BBAFE449CC71}.Release|x86.ActiveCfg = Release|Any CPU
		{CDB97ECE-E3DF-413F-B8D8-BBAFE449CC71}.Release|x86.Build.0 = Release|Any CPU
		{F27A2C04-8CBF-41D7-BEAA-60E565423821}.Debug|Any CPU.ActiveCfg = Debug|Any CPU
		{F27A2C04-8CBF-41D7-BEAA-60E565423821}.Debug|Any CPU.Build.0 = Debug|Any CPU
		{F27A2C04-8CBF-41D7-BEAA-60E565423821}.Debug|x64.ActiveCfg = Debug|Any CPU
		{F27A2C04-8CBF-41D7-BEAA-60E565423821}.Debug|x64.Build.0 = Debug|Any CPU
		{F27A2C04-8CBF-41D7-BEAA-60E565423821}.Debug|x86.ActiveCfg = Debug|Any CPU
		{F27A2C04-8CBF-41D7-BEAA-60E565423821}.Debug|x86.Build.0 = Debug|Any CPU
		{F27A2C04-8CBF-41D7-BEAA-60E565423821}.Release|Any CPU.ActiveCfg = Release|Any CPU
		{F27A2C04-8CBF-41D7-BEAA-60E565423821}.Release|Any CPU.Build.0 = Release|Any CPU
		{F27A2C04-8CBF-41D7-BEAA-60E565423821}.Release|x64.ActiveCfg = Release|Any CPU
		{F27A2C04-8CBF-41D7-BEAA-60E565423821}.Release|x64.Build.0 = Release|Any CPU
		{F27A2C04-8CBF-41D7-BEAA-60E565423821}.Release|x86.ActiveCfg = Release|Any CPU
		{F27A2C04-8CBF-41D7-BEAA-60E565423821}.Release|x86.Build.0 = Release|Any CPU
	EndGlobalSection
	GlobalSection(SolutionProperties) = preSolution
		HideSolutionNode = FALSE
	EndGlobalSection
	GlobalSection(NestedProjects) = preSolution
		{9CD21EAE-1792-45FA-A065-E9AC9CD22C3F} = {F0ED359B-40F4-4C84-9AC5-8B9007717946}
		{C56F12B9-E535-4A39-9627-FA4EE01DD1F5} = {D16CCFA7-F738-4D7A-B146-A9658B2C1E6C}
		{56299E8D-09F8-4E70-A34D-6E79B5F8CEFF} = {89522C0D-1CFD-4682-ABF2-F3255FA5E190}
		{CDB97ECE-E3DF-413F-B8D8-BBAFE449CC71} = {F0ED359B-40F4-4C84-9AC5-8B9007717946}
		{F27A2C04-8CBF-41D7-BEAA-60E565423821} = {708B7011-9E14-4D64-8C79-C1CBCD613B2D}
	EndGlobalSection
	GlobalSection(ExtensibilityGlobals) = postSolution
		SolutionGuid = {48A30998-A284-42D1-AC9D-04C13131B8E2}
	EndGlobalSection
EndGlobal
