
Microsoft Visual Studio Solution File, Format Version 12.00
# Visual Studio Version 16
VisualStudioVersion = 16.6.30114.105
MinimumVisualStudioVersion = 10.0.40219.1
Project("{2150E333-8FDC-42A3-9474-1A3956D46DE8}") = "domain", "domain", "{F0ED359B-40F4-4C84-9AC5-8B9007717946}"
EndProject
Project("{2150E333-8FDC-42A3-9474-1A3956D46DE8}") = "infastructure", "infastructure", "{D16CCFA7-F738-4D7A-B146-A9658B2C1E6C}"
EndProject
Project("{9A19103F-16F7-4668-BE54-9A1E7A4F7556}") = "Store", "domain\Store\Store.csproj", "{9CD21EAE-1792-45FA-A065-E9AC9CD22C3F}"
EndProject
Project("{9A19103F-16F7-4668-BE54-9A1E7A4F7556}") = "Store.Memory", "infastrucrture\Store.Memory\Store.Memory.csproj", "{C56F12B9-E535-4A39-9627-FA4EE01DD1F5}"
EndProject
Project("{9A19103F-16F7-4668-BE54-9A1E7A4F7556}") = "StoreProduct.Web", "Web\StoreProduct.Web\StoreProduct.Web.csproj", "{56299E8D-09F8-4E70-A34D-6E79B5F8CEFF}"
EndProject
Project("{2150E333-8FDC-42A3-9474-1A3956D46DE8}") = "Web", "Web", "{89522C0D-1CFD-4682-ABF2-F3255FA5E190}"
EndProject
Project("{9A19103F-16F7-4668-BE54-9A1E7A4F7556}") = "ProductStore.Web.Contract", "Web\IWebContractService\ProductStore.Web.Contract\ProductStore.Web.Contract.csproj", "{6E656206-2001-494C-89E3-6FEE4E537D87}"
EndProject
Project("{2150E333-8FDC-42A3-9474-1A3956D46DE8}") = "contractBank", "contractBank", "{8A4D272A-13BF-4159-B6D6-061CF45ACE5F}"
EndProject
Project("{2150E333-8FDC-42A3-9474-1A3956D46DE8}") = "applications", "applications", "{837C6C69-81B0-4BF9-AA7C-122E107370C9}"
EndProject
Project("{9A19103F-16F7-4668-BE54-9A1E7A4F7556}") = "ProductStore.Web.App", "applications\ProductStore.Web.App\ProductStore.Web.App.csproj", "{281E6872-B9E7-4F60-961D-2AE5E7A80505}"
EndProject
Project("{9A19103F-16F7-4668-BE54-9A1E7A4F7556}") = "ProductSotre.SberKassa", "contractbank\ProductSotre.SberKassa\ProductSotre.SberKassa.csproj", "{6AC17114-1971-43A5-B302-465C98E993D4}"
EndProject
Project("{9A19103F-16F7-4668-BE54-9A1E7A4F7556}") = "ProductStore.YandexKassa", "contractbank\ProductStore.YandexKassa\ProductStore.YandexKassa.csproj", "{1A331DFB-A2F6-451C-85BD-B016B0E9EA59}"
EndProject
Project("{9A19103F-16F7-4668-BE54-9A1E7A4F7556}") = "StoreTest", "StoreTest\StoreTest.csproj", "{DACC15C8-0394-4F29-A543-90E799DB2DCA}"
EndProject
Global
	GlobalSection(SolutionConfigurationPlatforms) = preSolution
		Debug|Any CPU = Debug|Any CPU
		Debug|x64 = Debug|x64
		Debug|x86 = Debug|x86
		Release|Any CPU = Release|Any CPU
		Release|x64 = Release|x64
		Release|x86 = Release|x86
	EndGlobalSection
	GlobalSection(ProjectConfigurationPlatforms) = postSolution
		{9CD21EAE-1792-45FA-A065-E9AC9CD22C3F}.Debug|Any CPU.ActiveCfg = Debug|Any CPU
		{9CD21EAE-1792-45FA-A065-E9AC9CD22C3F}.Debug|Any CPU.Build.0 = Debug|Any CPU
		{9CD21EAE-1792-45FA-A065-E9AC9CD22C3F}.Debug|x64.ActiveCfg = Debug|Any CPU
		{9CD21EAE-1792-45FA-A065-E9AC9CD22C3F}.Debug|x64.Build.0 = Debug|Any CPU
		{9CD21EAE-1792-45FA-A065-E9AC9CD22C3F}.Debug|x86.ActiveCfg = Debug|Any CPU
		{9CD21EAE-1792-45FA-A065-E9AC9CD22C3F}.Debug|x86.Build.0 = Debug|Any CPU
		{9CD21EAE-1792-45FA-A065-E9AC9CD22C3F}.Release|Any CPU.ActiveCfg = Release|Any CPU
		{9CD21EAE-1792-45FA-A065-E9AC9CD22C3F}.Release|Any CPU.Build.0 = Release|Any CPU
		{9CD21EAE-1792-45FA-A065-E9AC9CD22C3F}.Release|x64.ActiveCfg = Release|Any CPU
		{9CD21EAE-1792-45FA-A065-E9AC9CD22C3F}.Release|x64.Build.0 = Release|Any CPU
		{9CD21EAE-1792-45FA-A065-E9AC9CD22C3F}.Release|x86.ActiveCfg = Release|Any CPU
		{9CD21EAE-1792-45FA-A065-E9AC9CD22C3F}.Release|x86.Build.0 = Release|Any CPU
		{C56F12B9-E535-4A39-9627-FA4EE01DD1F5}.Debug|Any CPU.ActiveCfg = Debug|Any CPU
		{C56F12B9-E535-4A39-9627-FA4EE01DD1F5}.Debug|Any CPU.Build.0 = Debug|Any CPU
		{C56F12B9-E535-4A39-9627-FA4EE01DD1F5}.Debug|x64.ActiveCfg = Debug|Any CPU
		{C56F12B9-E535-4A39-9627-FA4EE01DD1F5}.Debug|x64.Build.0 = Debug|Any CPU
		{C56F12B9-E535-4A39-9627-FA4EE01DD1F5}.Debug|x86.ActiveCfg = Debug|Any CPU
		{C56F12B9-E535-4A39-9627-FA4EE01DD1F5}.Debug|x86.Build.0 = Debug|Any CPU
		{C56F12B9-E535-4A39-9627-FA4EE01DD1F5}.Release|Any CPU.ActiveCfg = Release|Any CPU
		{C56F12B9-E535-4A39-9627-FA4EE01DD1F5}.Release|Any CPU.Build.0 = Release|Any CPU
		{C56F12B9-E535-4A39-9627-FA4EE01DD1F5}.Release|x64.ActiveCfg = Release|Any CPU
		{C56F12B9-E535-4A39-9627-FA4EE01DD1F5}.Release|x64.Build.0 = Release|Any CPU
		{C56F12B9-E535-4A39-9627-FA4EE01DD1F5}.Release|x86.ActiveCfg = Release|Any CPU
		{C56F12B9-E535-4A39-9627-FA4EE01DD1F5}.Release|x86.Build.0 = Release|Any CPU
		{56299E8D-09F8-4E70-A34D-6E79B5F8CEFF}.Debug|Any CPU.ActiveCfg = Debug|Any CPU
		{56299E8D-09F8-4E70-A34D-6E79B5F8CEFF}.Debug|Any CPU.Build.0 = Debug|Any CPU
		{56299E8D-09F8-4E70-A34D-6E79B5F8CEFF}.Debug|x64.ActiveCfg = Debug|Any CPU
		{56299E8D-09F8-4E70-A34D-6E79B5F8CEFF}.Debug|x64.Build.0 = Debug|Any CPU
		{56299E8D-09F8-4E70-A34D-6E79B5F8CEFF}.Debug|x86.ActiveCfg = Debug|Any CPU
		{56299E8D-09F8-4E70-A34D-6E79B5F8CEFF}.Debug|x86.Build.0 = Debug|Any CPU
		{56299E8D-09F8-4E70-A34D-6E79B5F8CEFF}.Release|Any CPU.ActiveCfg = Release|Any CPU
		{56299E8D-09F8-4E70-A34D-6E79B5F8CEFF}.Release|Any CPU.Build.0 = Release|Any CPU
		{56299E8D-09F8-4E70-A34D-6E79B5F8CEFF}.Release|x64.ActiveCfg = Release|Any CPU
		{56299E8D-09F8-4E70-A34D-6E79B5F8CEFF}.Release|x64.Build.0 = Release|Any CPU
		{56299E8D-09F8-4E70-A34D-6E79B5F8CEFF}.Release|x86.ActiveCfg = Release|Any CPU
		{56299E8D-09F8-4E70-A34D-6E79B5F8CEFF}.Release|x86.Build.0 = Release|Any CPU
		{6E656206-2001-494C-89E3-6FEE4E537D87}.Debug|Any CPU.ActiveCfg = Debug|Any CPU
		{6E656206-2001-494C-89E3-6FEE4E537D87}.Debug|Any CPU.Build.0 = Debug|Any CPU
		{6E656206-2001-494C-89E3-6FEE4E537D87}.Debug|x64.ActiveCfg = Debug|Any CPU
		{6E656206-2001-494C-89E3-6FEE4E537D87}.Debug|x64.Build.0 = Debug|Any CPU
		{6E656206-2001-494C-89E3-6FEE4E537D87}.Debug|x86.ActiveCfg = Debug|Any CPU
		{6E656206-2001-494C-89E3-6FEE4E537D87}.Debug|x86.Build.0 = Debug|Any CPU
		{6E656206-2001-494C-89E3-6FEE4E537D87}.Release|Any CPU.ActiveCfg = Release|Any CPU
		{6E656206-2001-494C-89E3-6FEE4E537D87}.Release|Any CPU.Build.0 = Release|Any CPU
		{6E656206-2001-494C-89E3-6FEE4E537D87}.Release|x64.ActiveCfg = Release|Any CPU
		{6E656206-2001-494C-89E3-6FEE4E537D87}.Release|x64.Build.0 = Release|Any CPU
		{6E656206-2001-494C-89E3-6FEE4E537D87}.Release|x86.ActiveCfg = Release|Any CPU
		{6E656206-2001-494C-89E3-6FEE4E537D87}.Release|x86.Build.0 = Release|Any CPU
		{281E6872-B9E7-4F60-961D-2AE5E7A80505}.Debug|Any CPU.ActiveCfg = Debug|Any CPU
		{281E6872-B9E7-4F60-961D-2AE5E7A80505}.Debug|Any CPU.Build.0 = Debug|Any CPU
		{281E6872-B9E7-4F60-961D-2AE5E7A80505}.Debug|x64.ActiveCfg = Debug|Any CPU
		{281E6872-B9E7-4F60-961D-2AE5E7A80505}.Debug|x64.Build.0 = Debug|Any CPU
		{281E6872-B9E7-4F60-961D-2AE5E7A80505}.Debug|x86.ActiveCfg = Debug|Any CPU
		{281E6872-B9E7-4F60-961D-2AE5E7A80505}.Debug|x86.Build.0 = Debug|Any CPU
		{281E6872-B9E7-4F60-961D-2AE5E7A80505}.Release|Any CPU.ActiveCfg = Release|Any CPU
		{281E6872-B9E7-4F60-961D-2AE5E7A80505}.Release|Any CPU.Build.0 = Release|Any CPU
		{281E6872-B9E7-4F60-961D-2AE5E7A80505}.Release|x64.ActiveCfg = Release|Any CPU
		{281E6872-B9E7-4F60-961D-2AE5E7A80505}.Release|x64.Build.0 = Release|Any CPU
		{281E6872-B9E7-4F60-961D-2AE5E7A80505}.Release|x86.ActiveCfg = Release|Any CPU
		{281E6872-B9E7-4F60-961D-2AE5E7A80505}.Release|x86.Build.0 = Release|Any CPU
		{6AC17114-1971-43A5-B302-465C98E993D4}.Debug|Any CPU.ActiveCfg = Debug|Any CPU
		{6AC17114-1971-43A5-B302-465C98E993D4}.Debug|Any CPU.Build.0 = Debug|Any CPU
		{6AC17114-1971-43A5-B302-465C98E993D4}.Debug|x64.ActiveCfg = Debug|Any CPU
		{6AC17114-1971-43A5-B302-465C98E993D4}.Debug|x64.Build.0 = Debug|Any CPU
		{6AC17114-1971-43A5-B302-465C98E993D4}.Debug|x86.ActiveCfg = Debug|Any CPU
		{6AC17114-1971-43A5-B302-465C98E993D4}.Debug|x86.Build.0 = Debug|Any CPU
		{6AC17114-1971-43A5-B302-465C98E993D4}.Release|Any CPU.ActiveCfg = Release|Any CPU
		{6AC17114-1971-43A5-B302-465C98E993D4}.Release|Any CPU.Build.0 = Release|Any CPU
		{6AC17114-1971-43A5-B302-465C98E993D4}.Release|x64.ActiveCfg = Release|Any CPU
		{6AC17114-1971-43A5-B302-465C98E993D4}.Release|x64.Build.0 = Release|Any CPU
		{6AC17114-1971-43A5-B302-465C98E993D4}.Release|x86.ActiveCfg = Release|Any CPU
		{6AC17114-1971-43A5-B302-465C98E993D4}.Release|x86.Build.0 = Release|Any CPU
		{1A331DFB-A2F6-451C-85BD-B016B0E9EA59}.Debug|Any CPU.ActiveCfg = Debug|Any CPU
		{1A331DFB-A2F6-451C-85BD-B016B0E9EA59}.Debug|Any CPU.Build.0 = Debug|Any CPU
		{1A331DFB-A2F6-451C-85BD-B016B0E9EA59}.Debug|x64.ActiveCfg = Debug|Any CPU
		{1A331DFB-A2F6-451C-85BD-B016B0E9EA59}.Debug|x64.Build.0 = Debug|Any CPU
		{1A331DFB-A2F6-451C-85BD-B016B0E9EA59}.Debug|x86.ActiveCfg = Debug|Any CPU
		{1A331DFB-A2F6-451C-85BD-B016B0E9EA59}.Debug|x86.Build.0 = Debug|Any CPU
		{1A331DFB-A2F6-451C-85BD-B016B0E9EA59}.Release|Any CPU.ActiveCfg = Release|Any CPU
		{1A331DFB-A2F6-451C-85BD-B016B0E9EA59}.Release|Any CPU.Build.0 = Release|Any CPU
		{1A331DFB-A2F6-451C-85BD-B016B0E9EA59}.Release|x64.ActiveCfg = Release|Any CPU
		{1A331DFB-A2F6-451C-85BD-B016B0E9EA59}.Release|x64.Build.0 = Release|Any CPU
		{1A331DFB-A2F6-451C-85BD-B016B0E9EA59}.Release|x86.ActiveCfg = Release|Any CPU
		{1A331DFB-A2F6-451C-85BD-B016B0E9EA59}.Release|x86.Build.0 = Release|Any CPU
		{DACC15C8-0394-4F29-A543-90E799DB2DCA}.Debug|Any CPU.ActiveCfg = Debug|Any CPU
		{DACC15C8-0394-4F29-A543-90E799DB2DCA}.Debug|Any CPU.Build.0 = Debug|Any CPU
		{DACC15C8-0394-4F29-A543-90E799DB2DCA}.Debug|x64.ActiveCfg = Debug|Any CPU
		{DACC15C8-0394-4F29-A543-90E799DB2DCA}.Debug|x64.Build.0 = Debug|Any CPU
		{DACC15C8-0394-4F29-A543-90E799DB2DCA}.Debug|x86.ActiveCfg = Debug|Any CPU
		{DACC15C8-0394-4F29-A543-90E799DB2DCA}.Debug|x86.Build.0 = Debug|Any CPU
		{DACC15C8-0394-4F29-A543-90E799DB2DCA}.Release|Any CPU.ActiveCfg = Release|Any CPU
		{DACC15C8-0394-4F29-A543-90E799DB2DCA}.Release|Any CPU.Build.0 = Release|Any CPU
		{DACC15C8-0394-4F29-A543-90E799DB2DCA}.Release|x64.ActiveCfg = Release|Any CPU
		{DACC15C8-0394-4F29-A543-90E799DB2DCA}.Release|x64.Build.0 = Release|Any CPU
		{DACC15C8-0394-4F29-A543-90E799DB2DCA}.Release|x86.ActiveCfg = Release|Any CPU
		{DACC15C8-0394-4F29-A543-90E799DB2DCA}.Release|x86.Build.0 = Release|Any CPU
	EndGlobalSection
	GlobalSection(SolutionProperties) = preSolution
		HideSolutionNode = FALSE
	EndGlobalSection
	GlobalSection(NestedProjects) = preSolution
		{9CD21EAE-1792-45FA-A065-E9AC9CD22C3F} = {F0ED359B-40F4-4C84-9AC5-8B9007717946}
		{C56F12B9-E535-4A39-9627-FA4EE01DD1F5} = {D16CCFA7-F738-4D7A-B146-A9658B2C1E6C}
		{56299E8D-09F8-4E70-A34D-6E79B5F8CEFF} = {89522C0D-1CFD-4682-ABF2-F3255FA5E190}
		{6E656206-2001-494C-89E3-6FEE4E537D87} = {89522C0D-1CFD-4682-ABF2-F3255FA5E190}
		{281E6872-B9E7-4F60-961D-2AE5E7A80505} = {837C6C69-81B0-4BF9-AA7C-122E107370C9}
		{6AC17114-1971-43A5-B302-465C98E993D4} = {8A4D272A-13BF-4159-B6D6-061CF45ACE5F}
		{1A331DFB-A2F6-451C-85BD-B016B0E9EA59} = {8A4D272A-13BF-4159-B6D6-061CF45ACE5F}
		{DACC15C8-0394-4F29-A543-90E799DB2DCA} = {F0ED359B-40F4-4C84-9AC5-8B9007717946}
	EndGlobalSection
	GlobalSection(ExtensibilityGlobals) = postSolution
		SolutionGuid = {48A30998-A284-42D1-AC9D-04C13131B8E2}
	EndGlobalSection
EndGlobal
